{
  "name": "homework-3",
  "version": "1.0.0",
  "lockfileVersion": 1,
  "requires": true,
  "dependencies": {
    "flatted": {
      "version": "3.1.0",
      "resolved": "https://registry.npmjs.org/flatted/-/flatted-3.1.0.tgz",
      "integrity": "sha512-tW+UkmtNg/jv9CSofAKvgVcO7c2URjhTdW1ZTkcAritblu8tajiYy7YisnIflEwtKssCtOxpnBRoCB7iap0/TA=="
    }
  }
}
